// !$*UTF8*$!
{
	archiveVersion = 1;
	classes = {
	};
	objectVersion = 77;
	objects = {

/* Begin PBXBuildFile section */
		DE791F2D2E36250200A4901D /* PNInputRequest in Frameworks */ = {isa = PBXBuildFile; productRef = DE791F2C2E36250200A4901D /* PNInputRequest */; };
		DE791F2F2E36250200A4901D /* PNInputRequestCombine in Frameworks */ = {isa = PBXBuildFile; productRef = DE791F2E2E36250200A4901D /* PNInputRequestCombine */; };
		DE791F312E36250200A4901D /* PathNavigation in Frameworks */ = {isa = PBXBuildFile; productRef = DE791F302E36250200A4901D /* PathNavigation */; };
		DE791F432E36253B00A4901D /* PathNavigation in Frameworks */ = {isa = PBXBuildFile; productRef = DE791F422E36253B00A4901D /* PathNavigation */; };
/* End PBXBuildFile section */

/* Begin PBXContainerItemProxy section */
		DE791EFF2E3623EE00A4901D /* PBXContainerItemProxy */ = {
			isa = PBXContainerItemProxy;
			containerPortal = DE791EE92E3623ED00A4901D /* Project object */;
			proxyType = 1;
			remoteGlobalIDString = DE791EF02E3623ED00A4901D;
			remoteInfo = NavigationExample;
		};
/* End PBXContainerItemProxy section */

/* Begin PBXFileReference section */
		DE791EF12E3623ED00A4901D /* NavigationExample.app */ = {isa = PBXFileReference; explicitFileType = wrapper.application; includeInIndex = 0; path = NavigationExample.app; sourceTree = BUILT_PRODUCTS_DIR; };
		DE791EFE2E3623EE00A4901D /* NavigationExampleTests.xctest */ = {isa = PBXFileReference; explicitFileType = wrapper.cfbundle; includeInIndex = 0; path = NavigationExampleTests.xctest; sourceTree = BUILT_PRODUCTS_DIR; };
		DE791F362E36252700A4901D /* Minimum.app */ = {isa = PBXFileReference; explicitFileType = wrapper.application; includeInIndex = 0; path = Minimum.app; sourceTree = BUILT_PRODUCTS_DIR; };
		DEEE62F22E3626DC005A4DC5 /* NavigationExample.xctestplan */ = {isa = PBXFileReference; lastKnownFileType = text; path = NavigationExample.xctestplan; sourceTree = "<group>"; };
/* End PBXFileReference section */

/* Begin PBXFileSystemSynchronizedRootGroup section */
		DE791EF32E3623ED00A4901D /* NavigationExample */ = {
			isa = PBXFileSystemSynchronizedRootGroup;
			path = NavigationExample;
			sourceTree = "<group>";
		};
		DE791F012E3623EE00A4901D /* NavigationExampleTests */ = {
			isa = PBXFileSystemSynchronizedRootGroup;
			path = NavigationExampleTests;
			sourceTree = "<group>";
		};
		DE791F372E36252700A4901D /* Minimum */ = {
			isa = PBXFileSystemSynchronizedRootGroup;
			path = Minimum;
			sourceTree = "<group>";
		};
/* End PBXFileSystemSynchronizedRootGroup section */

/* Begin PBXFrameworksBuildPhase section */
		DE791EEE2E3623ED00A4901D /* Frameworks */ = {
			isa = PBXFrameworksBuildPhase;
			buildActionMask = 2147483647;
			files = (
				DE791F2D2E36250200A4901D /* PNInputRequest in Frameworks */,
				DE791F2F2E36250200A4901D /* PNInputRequestCombine in Frameworks */,
				DE791F312E36250200A4901D /* PathNavigation in Frameworks */,
			);
			runOnlyForDeploymentPostprocessing = 0;
		};
		DE791EFB2E3623EE00A4901D /* Frameworks */ = {
			isa = PBXFrameworksBuildPhase;
			buildActionMask = 2147483647;
			files = (
			);
			runOnlyForDeploymentPostprocessing = 0;
		};
		DE791F332E36252700A4901D /* Frameworks */ = {
			isa = PBXFrameworksBuildPhase;
			buildActionMask = 2147483647;
			files = (
				DE791F432E36253B00A4901D /* PathNavigation in Frameworks */,
			);
			runOnlyForDeploymentPostprocessing = 0;
		};
/* End PBXFrameworksBuildPhase section */

/* Begin PBXGroup section */
		DE791EE82E3623ED00A4901D = {
			isa = PBXGroup;
			children = (
				DEEE62F22E3626DC005A4DC5 /* NavigationExample.xctestplan */,
				DE791EF32E3623ED00A4901D /* NavigationExample */,
				DE791F372E36252700A4901D /* Minimum */,
				DE791F012E3623EE00A4901D /* NavigationExampleTests */,
				DE791F412E36253B00A4901D /* Frameworks */,
				DE791EF22E3623ED00A4901D /* Products */,
			);
			sourceTree = "<group>";
		};
		DE791EF22E3623ED00A4901D /* Products */ = {
			isa = PBXGroup;
			children = (
				DE791EF12E3623ED00A4901D /* NavigationExample.app */,
				DE791EFE2E3623EE00A4901D /* NavigationExampleTests.xctest */,
				DE791F362E36252700A4901D /* Minimum.app */,
			);
			name = Products;
			sourceTree = "<group>";
		};
		DE791F412E36253B00A4901D /* Frameworks */ = {
			isa = PBXGroup;
			children = (
			);
			name = Frameworks;
			sourceTree = "<group>";
		};
/* End PBXGroup section */

/* Begin PBXNativeTarget section */
		DE791EF02E3623ED00A4901D /* NavigationExample */ = {
			isa = PBXNativeTarget;
			buildConfigurationList = DE791F122E3623EE00A4901D /* Build configuration list for PBXNativeTarget "NavigationExample" */;
			buildPhases = (
				DE791EED2E3623ED00A4901D /* Sources */,
				DE791EEE2E3623ED00A4901D /* Frameworks */,
				DE791EEF2E3623ED00A4901D /* Resources */,
			);
			buildRules = (
			);
			dependencies = (
			);
			fileSystemSynchronizedGroups = (
				DE791EF32E3623ED00A4901D /* NavigationExample */,
			);
			name = NavigationExample;
			packageProductDependencies = (
				DE791F2C2E36250200A4901D /* PNInputRequest */,
				DE791F2E2E36250200A4901D /* PNInputRequestCombine */,
				DE791F302E36250200A4901D /* PathNavigation */,
			);
			productName = NavigationExample;
			productReference = DE791EF12E3623ED00A4901D /* NavigationExample.app */;
			productType = "com.apple.product-type.application";
		};
		DE791EFD2E3623EE00A4901D /* NavigationExampleTests */ = {
			isa = PBXNativeTarget;
			buildConfigurationList = DE791F152E3623EE00A4901D /* Build configuration list for PBXNativeTarget "NavigationExampleTests" */;
			buildPhases = (
				DE791EFA2E3623EE00A4901D /* Sources */,
				DE791EFB2E3623EE00A4901D /* Frameworks */,
				DE791EFC2E3623EE00A4901D /* Resources */,
			);
			buildRules = (
			);
			dependencies = (
				DE791F002E3623EE00A4901D /* PBXTargetDependency */,
			);
			fileSystemSynchronizedGroups = (
				DE791F012E3623EE00A4901D /* NavigationExampleTests */,
			);
			name = NavigationExampleTests;
			packageProductDependencies = (
			);
			productName = NavigationExampleTests;
			productReference = DE791EFE2E3623EE00A4901D /* NavigationExampleTests.xctest */;
			productType = "com.apple.product-type.bundle.unit-test";
		};
		DE791F352E36252700A4901D /* Minimum */ = {
			isa = PBXNativeTarget;
			buildConfigurationList = DE791F3E2E36252800A4901D /* Build configuration list for PBXNativeTarget "Minimum" */;
			buildPhases = (
				DE791F322E36252700A4901D /* Sources */,
				DE791F332E36252700A4901D /* Frameworks */,
				DE791F342E36252700A4901D /* Resources */,
			);
			buildRules = (
			);
			dependencies = (
			);
			fileSystemSynchronizedGroups = (
				DE791F372E36252700A4901D /* Minimum */,
			);
			name = Minimum;
			packageProductDependencies = (
				DE791F422E36253B00A4901D /* PathNavigation */,
			);
			productName = Minimum;
			productReference = DE791F362E36252700A4901D /* Minimum.app */;
			productType = "com.apple.product-type.application";
		};
/* End PBXNativeTarget section */

/* Begin PBXProject section */
		DE791EE92E3623ED00A4901D /* Project object */ = {
			isa = PBXProject;
			attributes = {
				BuildIndependentTargetsInParallel = 1;
				LastSwiftUpdateCheck = 1640;
				LastUpgradeCheck = 1640;
				TargetAttributes = {
					DE791EF02E3623ED00A4901D = {
						CreatedOnToolsVersion = 16.4;
					};
					DE791EFD2E3623EE00A4901D = {
						CreatedOnToolsVersion = 16.4;
						TestTargetID = DE791EF02E3623ED00A4901D;
					};
					DE791F352E36252700A4901D = {
						CreatedOnToolsVersion = 16.4;
					};
				};
			};
			buildConfigurationList = DE791EEC2E3623ED00A4901D /* Build configuration list for PBXProject "NavigationExample" */;
			developmentRegion = en;
			hasScannedForEncodings = 0;
			knownRegions = (
				en,
				Base,
			);
			mainGroup = DE791EE82E3623ED00A4901D;
			minimizedProjectReferenceProxies = 1;
			packageReferences = (
				DE791F2B2E36250200A4901D /* XCLocalSwiftPackageReference "../../Navigation" */,
			);
			preferredProjectObjectVersion = 77;
			productRefGroup = DE791EF22E3623ED00A4901D /* Products */;
			projectDirPath = "";
			projectRoot = "";
			targets = (
				DE791EF02E3623ED00A4901D /* NavigationExample */,
				DE791F352E36252700A4901D /* Minimum */,
				DE791EFD2E3623EE00A4901D /* NavigationExampleTests */,
			);
		};
/* End PBXProject section */

/* Begin PBXResourcesBuildPhase section */
		DE791EEF2E3623ED00A4901D /* Resources */ = {
			isa = PBXResourcesBuildPhase;
			buildActionMask = 2147483647;
			files = (
			);
			runOnlyForDeploymentPostprocessing = 0;
		};
		DE791EFC2E3623EE00A4901D /* Resources */ = {
			isa = PBXResourcesBuildPhase;
			buildActionMask = 2147483647;
			files = (
			);
			runOnlyForDeploymentPostprocessing = 0;
		};
		DE791F342E36252700A4901D /* Resources */ = {
			isa = PBXResourcesBuildPhase;
			buildActionMask = 2147483647;
			files = (
			);
			runOnlyForDeploymentPostprocessing = 0;
		};
/* End PBXResourcesBuildPhase section */

/* Begin PBXSourcesBuildPhase section */
		DE791EED2E3623ED00A4901D /* Sources */ = {
			isa = PBXSourcesBuildPhase;
			buildActionMask = 2147483647;
			files = (
			);
			runOnlyForDeploymentPostprocessing = 0;
		};
		DE791EFA2E3623EE00A4901D /* Sources */ = {
			isa = PBXSourcesBuildPhase;
			buildActionMask = 2147483647;
			files = (
			);
			runOnlyForDeploymentPostprocessing = 0;
		};
		DE791F322E36252700A4901D /* Sources */ = {
			isa = PBXSourcesBuildPhase;
			buildActionMask = 2147483647;
			files = (
			);
			runOnlyForDeploymentPostprocessing = 0;
		};
/* End PBXSourcesBuildPhase section */

/* Begin PBXTargetDependency section */
		DE791F002E3623EE00A4901D /* PBXTargetDependency */ = {
			isa = PBXTargetDependency;
			target = DE791EF02E3623ED00A4901D /* NavigationExample */;
			targetProxy = DE791EFF2E3623EE00A4901D /* PBXContainerItemProxy */;
		};
/* End PBXTargetDependency section */

/* Begin XCBuildConfiguration section */
		DE791F102E3623EE00A4901D /* Debug */ = {
			isa = XCBuildConfiguration;
			buildSettings = {
				ALWAYS_SEARCH_USER_PATHS = NO;
				ASSETCATALOG_COMPILER_GENERATE_SWIFT_ASSET_SYMBOL_EXTENSIONS = YES;
				CLANG_ANALYZER_NONNULL = YES;
				CLANG_ANALYZER_NUMBER_OBJECT_CONVERSION = YES_AGGRESSIVE;
				CLANG_CXX_LANGUAGE_STANDARD = "gnu++20";
				CLANG_ENABLE_MODULES = YES;
				CLANG_ENABLE_OBJC_ARC = YES;
				CLANG_ENABLE_OBJC_WEAK = YES;
				CLANG_WARN_BLOCK_CAPTURE_AUTORELEASING = YES;
				CLANG_WARN_BOOL_CONVERSION = YES;
				CLANG_WARN_COMMA = YES;
				CLANG_WARN_CONSTANT_CONVERSION = YES;
				CLANG_WARN_DEPRECATED_OBJC_IMPLEMENTATIONS = YES;
				CLANG_WARN_DIRECT_OBJC_ISA_USAGE = YES_ERROR;
				CLANG_WARN_DOCUMENTATION_COMMENTS = YES;
				CLANG_WARN_EMPTY_BODY = YES;
				CLANG_WARN_ENUM_CONVERSION = YES;
				CLANG_WARN_INFINITE_RECURSION = YES;
				CLANG_WARN_INT_CONVERSION = YES;
				CLANG_WARN_NON_LITERAL_NULL_CONVERSION = YES;
				CLANG_WARN_OBJC_IMPLICIT_RETAIN_SELF = YES;
				CLANG_WARN_OBJC_LITERAL_CONVERSION = YES;
				CLANG_WARN_OBJC_ROOT_CLASS = YES_ERROR;
				CLANG_WARN_QUOTED_INCLUDE_IN_FRAMEWORK_HEADER = YES;
				CLANG_WARN_RANGE_LOOP_ANALYSIS = YES;
				CLANG_WARN_STRICT_PROTOTYPES = YES;
				CLANG_WARN_SUSPICIOUS_MOVE = YES;
				CLANG_WARN_UNGUARDED_AVAILABILITY = YES_AGGRESSIVE;
				CLANG_WARN_UNREACHABLE_CODE = YES;
				CLANG_WARN__DUPLICATE_METHOD_MATCH = YES;
				COPY_PHASE_STRIP = NO;
				DEBUG_INFORMATION_FORMAT = dwarf;
				ENABLE_STRICT_OBJC_MSGSEND = YES;
				ENABLE_TESTABILITY = YES;
				ENABLE_USER_SCRIPT_SANDBOXING = YES;
				GCC_C_LANGUAGE_STANDARD = gnu17;
				GCC_DYNAMIC_NO_PIC = NO;
				GCC_NO_COMMON_BLOCKS = YES;
				GCC_OPTIMIZATION_LEVEL = 0;
				GCC_PREPROCESSOR_DEFINITIONS = (
					"DEBUG=1",
					"$(inherited)",
				);
				GCC_WARN_64_TO_32_BIT_CONVERSION = YES;
				GCC_WARN_ABOUT_RETURN_TYPE = YES_ERROR;
				GCC_WARN_UNDECLARED_SELECTOR = YES;
				GCC_WARN_UNINITIALIZED_AUTOS = YES_AGGRESSIVE;
				GCC_WARN_UNUSED_FUNCTION = YES;
				GCC_WARN_UNUSED_VARIABLE = YES;
				IPHONEOS_DEPLOYMENT_TARGET = 18.5;
				LOCALIZATION_PREFERS_STRING_CATALOGS = YES;
				MTL_ENABLE_DEBUG_INFO = INCLUDE_SOURCE;
				MTL_FAST_MATH = YES;
				ONLY_ACTIVE_ARCH = YES;
				SDKROOT = iphoneos;
				SWIFT_ACTIVE_COMPILATION_CONDITIONS = "DEBUG $(inherited)";
				SWIFT_OPTIMIZATION_LEVEL = "-Onone";
			};
			name = Debug;
		};
		DE791F112E3623EE00A4901D /* Release */ = {
			isa = XCBuildConfiguration;
			buildSettings = {
				ALWAYS_SEARCH_USER_PATHS = NO;
				ASSETCATALOG_COMPILER_GENERATE_SWIFT_ASSET_SYMBOL_EXTENSIONS = YES;
				CLANG_ANALYZER_NONNULL = YES;
				CLANG_ANALYZER_NUMBER_OBJECT_CONVERSION = YES_AGGRESSIVE;
				CLANG_CXX_LANGUAGE_STANDARD = "gnu++20";
				CLANG_ENABLE_MODULES = YES;
				CLANG_ENABLE_OBJC_ARC = YES;
				CLANG_ENABLE_OBJC_WEAK = YES;
				CLANG_WARN_BLOCK_CAPTURE_AUTORELEASING = YES;
				CLANG_WARN_BOOL_CONVERSION = YES;
				CLANG_WARN_COMMA = YES;
				CLANG_WARN_CONSTANT_CONVERSION = YES;
				CLANG_WARN_DEPRECATED_OBJC_IMPLEMENTATIONS = YES;
				CLANG_WARN_DIRECT_OBJC_ISA_USAGE = YES_ERROR;
				CLANG_WARN_DOCUMENTATION_COMMENTS = YES;
				CLANG_WARN_EMPTY_BODY = YES;
				CLANG_WARN_ENUM_CONVERSION = YES;
				CLANG_WARN_INFINITE_RECURSION = YES;
				CLANG_WARN_INT_CONVERSION = YES;
				CLANG_WARN_NON_LITERAL_NULL_CONVERSION = YES;
				CLANG_WARN_OBJC_IMPLICIT_RETAIN_SELF = YES;
				CLANG_WARN_OBJC_LITERAL_CONVERSION = YES;
				CLANG_WARN_OBJC_ROOT_CLASS = YES_ERROR;
				CLANG_WARN_QUOTED_INCLUDE_IN_FRAMEWORK_HEADER = YES;
				CLANG_WARN_RANGE_LOOP_ANALYSIS = YES;
				CLANG_WARN_STRICT_PROTOTYPES = YES;
				CLANG_WARN_SUSPICIOUS_MOVE = YES;
				CLANG_WARN_UNGUARDED_AVAILABILITY = YES_AGGRESSIVE;
				CLANG_WARN_UNREACHABLE_CODE = YES;
				CLANG_WARN__DUPLICATE_METHOD_MATCH = YES;
				COPY_PHASE_STRIP = NO;
				DEBUG_INFORMATION_FORMAT = "dwarf-with-dsym";
				ENABLE_NS_ASSERTIONS = NO;
				ENABLE_STRICT_OBJC_MSGSEND = YES;
				ENABLE_USER_SCRIPT_SANDBOXING = YES;
				GCC_C_LANGUAGE_STANDARD = gnu17;
				GCC_NO_COMMON_BLOCKS = YES;
				GCC_WARN_64_TO_32_BIT_CONVERSION = YES;
				GCC_WARN_ABOUT_RETURN_TYPE = YES_ERROR;
				GCC_WARN_UNDECLARED_SELECTOR = YES;
				GCC_WARN_UNINITIALIZED_AUTOS = YES_AGGRESSIVE;
				GCC_WARN_UNUSED_FUNCTION = YES;
				GCC_WARN_UNUSED_VARIABLE = YES;
				IPHONEOS_DEPLOYMENT_TARGET = 18.5;
				LOCALIZATION_PREFERS_STRING_CATALOGS = YES;
				MTL_ENABLE_DEBUG_INFO = NO;
				MTL_FAST_MATH = YES;
				SDKROOT = iphoneos;
				SWIFT_COMPILATION_MODE = wholemodule;
				VALIDATE_PRODUCT = YES;
			};
			name = Release;
		};
		DE791F132E3623EE00A4901D /* Debug */ = {
			isa = XCBuildConfiguration;
			buildSettings = {
				ASSETCATALOG_COMPILER_APPICON_NAME = AppIcon;
				ASSETCATALOG_COMPILER_GLOBAL_ACCENT_COLOR_NAME = AccentColor;
				CODE_SIGN_STYLE = Automatic;
				CURRENT_PROJECT_VERSION = 1;
				ENABLE_PREVIEWS = YES;
				GENERATE_INFOPLIST_FILE = YES;
				INFOPLIST_KEY_UIApplicationSceneManifest_Generation = YES;
				INFOPLIST_KEY_UIApplicationSupportsIndirectInputEvents = YES;
				INFOPLIST_KEY_UILaunchScreen_Generation = YES;
				INFOPLIST_KEY_UISupportedInterfaceOrientations_iPad = "UIInterfaceOrientationPortrait UIInterfaceOrientationPortraitUpsideDown UIInterfaceOrientationLandscapeLeft UIInterfaceOrientationLandscapeRight";
				INFOPLIST_KEY_UISupportedInterfaceOrientations_iPhone = "UIInterfaceOrientationPortrait UIInterfaceOrientationLandscapeLeft UIInterfaceOrientationLandscapeRight";
				LD_RUNPATH_SEARCH_PATHS = (
					"$(inherited)",
					"@executable_path/Frameworks",
				);
				MARKETING_VERSION = 1.0;
				PRODUCT_BUNDLE_IDENTIFIER = org.kurkin.NavigationExample;
				PRODUCT_NAME = "$(TARGET_NAME)";
				SWIFT_EMIT_LOC_STRINGS = YES;
				SWIFT_VERSION = 5.0;
				TARGETED_DEVICE_FAMILY = "1,2";
			};
			name = Debug;
		};
		DE791F142E3623EE00A4901D /* Release */ = {
			isa = XCBuildConfiguration;
			buildSettings = {
				ASSETCATALOG_COMPILER_APPICON_NAME = AppIcon;
				ASSETCATALOG_COMPILER_GLOBAL_ACCENT_COLOR_NAME = AccentColor;
				CODE_SIGN_STYLE = Automatic;
				CURRENT_PROJECT_VERSION = 1;
				ENABLE_PREVIEWS = YES;
				GENERATE_INFOPLIST_FILE = YES;
				INFOPLIST_KEY_UIApplicationSceneManifest_Generation = YES;
				INFOPLIST_KEY_UIApplicationSupportsIndirectInputEvents = YES;
				INFOPLIST_KEY_UILaunchScreen_Generation = YES;
				INFOPLIST_KEY_UISupportedInterfaceOrientations_iPad = "UIInterfaceOrientationPortrait UIInterfaceOrientationPortraitUpsideDown UIInterfaceOrientationLandscapeLeft UIInterfaceOrientationLandscapeRight";
				INFOPLIST_KEY_UISupportedInterfaceOrientations_iPhone = "UIInterfaceOrientationPortrait UIInterfaceOrientationLandscapeLeft UIInterfaceOrientationLandscapeRight";
				LD_RUNPATH_SEARCH_PATHS = (
					"$(inherited)",
					"@executable_path/Frameworks",
				);
				MARKETING_VERSION = 1.0;
				PRODUCT_BUNDLE_IDENTIFIER = org.kurkin.NavigationExample;
				PRODUCT_NAME = "$(TARGET_NAME)";
				SWIFT_EMIT_LOC_STRINGS = YES;
				SWIFT_VERSION = 5.0;
				TARGETED_DEVICE_FAMILY = "1,2";
			};
			name = Release;
		};
		DE791F162E3623EE00A4901D /* Debug */ = {
			isa = XCBuildConfiguration;
			buildSettings = {
				BUNDLE_LOADER = "$(TEST_HOST)";
				CODE_SIGN_STYLE = Automatic;
				CURRENT_PROJECT_VERSION = 1;
				GENERATE_INFOPLIST_FILE = YES;
				IPHONEOS_DEPLOYMENT_TARGET = 18.5;
				MARKETING_VERSION = 1.0;
				PRODUCT_BUNDLE_IDENTIFIER = org.kurkin.NavigationExampleTests;
				PRODUCT_NAME = "$(TARGET_NAME)";
				SWIFT_EMIT_LOC_STRINGS = NO;
				SWIFT_VERSION = 5.0;
				TARGETED_DEVICE_FAMILY = "1,2";
				TEST_HOST = "$(BUILT_PRODUCTS_DIR)/NavigationExample.app/$(BUNDLE_EXECUTABLE_FOLDER_PATH)/NavigationExample";
			};
			name = Debug;
		};
		DE791F172E3623EE00A4901D /* Release */ = {
			isa = XCBuildConfiguration;
			buildSettings = {
				BUNDLE_LOADER = "$(TEST_HOST)";
				CODE_SIGN_STYLE = Automatic;
				CURRENT_PROJECT_VERSION = 1;
				GENERATE_INFOPLIST_FILE = YES;
				IPHONEOS_DEPLOYMENT_TARGET = 18.5;
				MARKETING_VERSION = 1.0;
				PRODUCT_BUNDLE_IDENTIFIER = org.kurkin.NavigationExampleTests;
				PRODUCT_NAME = "$(TARGET_NAME)";
				SWIFT_EMIT_LOC_STRINGS = NO;
				SWIFT_VERSION = 5.0;
				TARGETED_DEVICE_FAMILY = "1,2";
				TEST_HOST = "$(BUILT_PRODUCTS_DIR)/NavigationExample.app/$(BUNDLE_EXECUTABLE_FOLDER_PATH)/NavigationExample";
			};
			name = Release;
		};
		DE791F3F2E36252800A4901D /* Debug */ = {
			isa = XCBuildConfiguration;
			buildSettings = {
				ASSETCATALOG_COMPILER_APPICON_NAME = AppIcon;
				ASSETCATALOG_COMPILER_GLOBAL_ACCENT_COLOR_NAME = AccentColor;
				CODE_SIGN_STYLE = Automatic;
				CURRENT_PROJECT_VERSION = 1;
				ENABLE_PREVIEWS = YES;
				GENERATE_INFOPLIST_FILE = YES;
				INFOPLIST_KEY_UIApplicationSceneManifest_Generation = YES;
				INFOPLIST_KEY_UIApplicationSupportsIndirectInputEvents = YES;
				INFOPLIST_KEY_UILaunchScreen_Generation = YES;
				INFOPLIST_KEY_UISupportedInterfaceOrientations_iPad = "UIInterfaceOrientationPortrait UIInterfaceOrientationPortraitUpsideDown UIInterfaceOrientationLandscapeLeft UIInterfaceOrientationLandscapeRight";
				INFOPLIST_KEY_UISupportedInterfaceOrientations_iPhone = "UIInterfaceOrientationPortrait UIInterfaceOrientationLandscapeLeft UIInterfaceOrientationLandscapeRight";
				LD_RUNPATH_SEARCH_PATHS = (
					"$(inherited)",
					"@executable_path/Frameworks",
				);
				MARKETING_VERSION = 1.0;
				PRODUCT_BUNDLE_IDENTIFIER = org.kurkin.Minimum;
				PRODUCT_NAME = "$(TARGET_NAME)";
				SWIFT_EMIT_LOC_STRINGS = YES;
				SWIFT_VERSION = 5.0;
				TARGETED_DEVICE_FAMILY = "1,2";
			};
			name = Debug;
		};
		DE791F402E36252800A4901D /* Release */ = {
			isa = XCBuildConfiguration;
			buildSettings = {
				ASSETCATALOG_COMPILER_APPICON_NAME = AppIcon;
				ASSETCATALOG_COMPILER_GLOBAL_ACCENT_COLOR_NAME = AccentColor;
				CODE_SIGN_STYLE = Automatic;
				CURRENT_PROJECT_VERSION = 1;
				ENABLE_PREVIEWS = YES;
				GENERATE_INFOPLIST_FILE = YES;
				INFOPLIST_KEY_UIApplicationSceneManifest_Generation = YES;
				INFOPLIST_KEY_UIApplicationSupportsIndirectInputEvents = YES;
				INFOPLIST_KEY_UILaunchScreen_Generation = YES;
				INFOPLIST_KEY_UISupportedInterfaceOrientations_iPad = "UIInterfaceOrientationPortrait UIInterfaceOrientationPortraitUpsideDown UIInterfaceOrientationLandscapeLeft UIInterfaceOrientationLandscapeRight";
				INFOPLIST_KEY_UISupportedInterfaceOrientations_iPhone = "UIInterfaceOrientationPortrait UIInterfaceOrientationLandscapeLeft UIInterfaceOrientationLandscapeRight";
				LD_RUNPATH_SEARCH_PATHS = (
					"$(inherited)",
					"@executable_path/Frameworks",
				);
				MARKETING_VERSION = 1.0;
				PRODUCT_BUNDLE_IDENTIFIER = org.kurkin.Minimum;
				PRODUCT_NAME = "$(TARGET_NAME)";
				SWIFT_EMIT_LOC_STRINGS = YES;
				SWIFT_VERSION = 5.0;
				TARGETED_DEVICE_FAMILY = "1,2";
			};
			name = Release;
		};
/* End XCBuildConfiguration section */

/* Begin XCConfigurationList section */
		DE791EEC2E3623ED00A4901D /* Build configuration list for PBXProject "NavigationExample" */ = {
			isa = XCConfigurationList;
			buildConfigurations = (
				DE791F102E3623EE00A4901D /* Debug */,
				DE791F112E3623EE00A4901D /* Release */,
			);
			defaultConfigurationIsVisible = 0;
			defaultConfigurationName = Release;
		};
		DE791F122E3623EE00A4901D /* Build configuration list for PBXNativeTarget "NavigationExample" */ = {
			isa = XCConfigurationList;
			buildConfigurations = (
				DE791F132E3623EE00A4901D /* Debug */,
				DE791F142E3623EE00A4901D /* Release */,
			);
			defaultConfigurationIsVisible = 0;
			defaultConfigurationName = Release;
		};
		DE791F152E3623EE00A4901D /* Build configuration list for PBXNativeTarget "NavigationExampleTests" */ = {
			isa = XCConfigurationList;
			buildConfigurations = (
				DE791F162E3623EE00A4901D /* Debug */,
				DE791F172E3623EE00A4901D /* Release */,
			);
			defaultConfigurationIsVisible = 0;
			defaultConfigurationName = Release;
		};
		DE791F3E2E36252800A4901D /* Build configuration list for PBXNativeTarget "Minimum" */ = {
			isa = XCConfigurationList;
			buildConfigurations = (
				DE791F3F2E36252800A4901D /* Debug */,
				DE791F402E36252800A4901D /* Release */,
			);
			defaultConfigurationIsVisible = 0;
			defaultConfigurationName = Release;
		};
/* End XCConfigurationList section */

/* Begin XCLocalSwiftPackageReference section */
		DE791F2B2E36250200A4901D /* XCLocalSwiftPackageReference "../../Navigation" */ = {
			isa = XCLocalSwiftPackageReference;
			relativePath = ../../Navigation;
		};
/* End XCLocalSwiftPackageReference section */

/* Begin XCSwiftPackageProductDependency section */
		DE791F2C2E36250200A4901D /* PNInputRequest */ = {
			isa = XCSwiftPackageProductDependency;
			productName = PNInputRequest;
		};
		DE791F2E2E36250200A4901D /* PNInputRequestCombine */ = {
			isa = XCSwiftPackageProductDependency;
			productName = PNInputRequestCombine;
		};
		DE791F302E36250200A4901D /* PathNavigation */ = {
			isa = XCSwiftPackageProductDependency;
			productName = PathNavigation;
		};
		DE791F422E36253B00A4901D /* PathNavigation */ = {
			isa = XCSwiftPackageProductDependency;
			package = DE791F2B2E36250200A4901D /* XCLocalSwiftPackageReference "../../Navigation" */;
			productName = PathNavigation;
		};
/* End XCSwiftPackageProductDependency section */
	};
	rootObject = DE791EE92E3623ED00A4901D /* Project object */;
}
